// !$*UTF8*$!
{
	archiveVersion = 1;
	classes = {
	};
	objectVersion = 52;
	objects = {

/* Begin PBXBuildFile section */
		2E26BF8026844D7800F85532 /* NavigationBarModifier.swift in Sources */ = {isa = PBXBuildFile; fileRef = 2E26BF7F26844D7800F85532 /* NavigationBarModifier.swift */; };
		2E26BF8526846CE100F85532 /* ShowDetailsView.swift in Sources */ = {isa = PBXBuildFile; fileRef = 2E26BF8426846CE100F85532 /* ShowDetailsView.swift */; };
		2E26BF88268472CF00F85532 /* ShowCellView.swift in Sources */ = {isa = PBXBuildFile; fileRef = 2E26BF87268472CF00F85532 /* ShowCellView.swift */; };
		2E26BF8B2684850F00F85532 /* APIShowManager.swift in Sources */ = {isa = PBXBuildFile; fileRef = 2E26BF8A2684850F00F85532 /* APIShowManager.swift */; };
		2E7251AD2683BE00006E39B0 /* ScoopMoviesApp.swift in Sources */ = {isa = PBXBuildFile; fileRef = 2E7251AC2683BE00006E39B0 /* ScoopMoviesApp.swift */; };
		2E7251AF2683BE00006E39B0 /* ContentView.swift in Sources */ = {isa = PBXBuildFile; fileRef = 2E7251AE2683BE00006E39B0 /* ContentView.swift */; };
		2E7251B12683BE04006E39B0 /* Assets.xcassets in Resources */ = {isa = PBXBuildFile; fileRef = 2E7251B02683BE04006E39B0 /* Assets.xcassets */; };
		2E7251B42683BE04006E39B0 /* Preview Assets.xcassets in Resources */ = {isa = PBXBuildFile; fileRef = 2E7251B32683BE04006E39B0 /* Preview Assets.xcassets */; };
		2E7251BE2683BEE1006E39B0 /* Kingfisher in Frameworks */ = {isa = PBXBuildFile; productRef = 2E7251BD2683BEE1006E39B0 /* Kingfisher */; };
		2E7251C72683C057006E39B0 /* APIManager.swift in Sources */ = {isa = PBXBuildFile; fileRef = 2E7251C62683C057006E39B0 /* APIManager.swift */; };
		2E7251CC2683C0C0006E39B0 /* MovieRequest.swift in Sources */ = {isa = PBXBuildFile; fileRef = 2E7251CB2683C0C0006E39B0 /* MovieRequest.swift */; };
		2E7251CF2683C0C2006E39B0 /* MovieResponse.swift in Sources */ = {isa = PBXBuildFile; fileRef = 2E7251CE2683C0C2006E39B0 /* MovieResponse.swift */; };
		2E7251D62683C0E1006E39B0 /* VideoResponse.swift in Sources */ = {isa = PBXBuildFile; fileRef = 2E7251D52683C0E1006E39B0 /* VideoResponse.swift */; };
		2E7251DB2683C147006E39B0 /* MoviesView.swift in Sources */ = {isa = PBXBuildFile; fileRef = 2E7251DA2683C147006E39B0 /* MoviesView.swift */; };
		2E7251DF2683C219006E39B0 /* MovieCellView.swift in Sources */ = {isa = PBXBuildFile; fileRef = 2E7251DE2683C219006E39B0 /* MovieCellView.swift */; };
/* End PBXBuildFile section */

/* Begin PBXFileReference section */
		2E26BF7F26844D7800F85532 /* NavigationBarModifier.swift */ = {isa = PBXFileReference; lastKnownFileType = sourcecode.swift; path = NavigationBarModifier.swift; sourceTree = "<group>"; };
		2E26BF8426846CE100F85532 /* ShowDetailsView.swift */ = {isa = PBXFileReference; lastKnownFileType = sourcecode.swift; path = ShowDetailsView.swift; sourceTree = "<group>"; };
		2E26BF87268472CF00F85532 /* ShowCellView.swift */ = {isa = PBXFileReference; lastKnownFileType = sourcecode.swift; path = ShowCellView.swift; sourceTree = "<group>"; };
		2E26BF8A2684850F00F85532 /* APIShowManager.swift */ = {isa = PBXFileReference; lastKnownFileType = sourcecode.swift; path = APIShowManager.swift; sourceTree = "<group>"; };
		2E7251A92683BE00006E39B0 /* ScoopMovies.app */ = {isa = PBXFileReference; explicitFileType = wrapper.application; includeInIndex = 0; path = ScoopMovies.app; sourceTree = BUILT_PRODUCTS_DIR; };
		2E7251AC2683BE00006E39B0 /* ScoopMoviesApp.swift */ = {isa = PBXFileReference; lastKnownFileType = sourcecode.swift; path = ScoopMoviesApp.swift; sourceTree = "<group>"; };
		2E7251AE2683BE00006E39B0 /* ContentView.swift */ = {isa = PBXFileReference; lastKnownFileType = sourcecode.swift; path = ContentView.swift; sourceTree = "<group>"; };
		2E7251B02683BE04006E39B0 /* Assets.xcassets */ = {isa = PBXFileReference; lastKnownFileType = folder.assetcatalog; path = Assets.xcassets; sourceTree = "<group>"; };
		2E7251B32683BE04006E39B0 /* Preview Assets.xcassets */ = {isa = PBXFileReference; lastKnownFileType = folder.assetcatalog; path = "Preview Assets.xcassets"; sourceTree = "<group>"; };
		2E7251B52683BE04006E39B0 /* Info.plist */ = {isa = PBXFileReference; lastKnownFileType = text.plist.xml; path = Info.plist; sourceTree = "<group>"; };
		2E7251C62683C057006E39B0 /* APIManager.swift */ = {isa = PBXFileReference; lastKnownFileType = sourcecode.swift; path = APIManager.swift; sourceTree = "<group>"; };
		2E7251CB2683C0C0006E39B0 /* MovieRequest.swift */ = {isa = PBXFileReference; fileEncoding = 4; lastKnownFileType = sourcecode.swift; path = MovieRequest.swift; sourceTree = "<group>"; };
		2E7251CE2683C0C2006E39B0 /* MovieResponse.swift */ = {isa = PBXFileReference; lastKnownFileType = sourcecode.swift; path = MovieResponse.swift; sourceTree = "<group>"; };
		2E7251D52683C0E1006E39B0 /* VideoResponse.swift */ = {isa = PBXFileReference; fileEncoding = 4; lastKnownFileType = sourcecode.swift; path = VideoResponse.swift; sourceTree = "<group>"; };
		2E7251DA2683C147006E39B0 /* MoviesView.swift */ = {isa = PBXFileReference; lastKnownFileType = sourcecode.swift; path = MoviesView.swift; sourceTree = "<group>"; };
		2E7251DE2683C219006E39B0 /* MovieCellView.swift */ = {isa = PBXFileReference; lastKnownFileType = sourcecode.swift; path = MovieCellView.swift; sourceTree = "<group>"; };
/* End PBXFileReference section */

/* Begin PBXFrameworksBuildPhase section */
		2E7251A62683BE00006E39B0 /* Frameworks */ = {
			isa = PBXFrameworksBuildPhase;
			buildActionMask = 2147483647;
			files = (
				2E7251BE2683BEE1006E39B0 /* Kingfisher in Frameworks */,
			);
			runOnlyForDeploymentPostprocessing = 0;
		};
/* End PBXFrameworksBuildPhase section */

/* Begin PBXGroup section */
		2E7251A02683BE00006E39B0 = {
			isa = PBXGroup;
			children = (
				2E7251AB2683BE00006E39B0 /* ScoopMovies */,
				2E7251AA2683BE00006E39B0 /* Products */,
			);
			sourceTree = "<group>";
		};
		2E7251AA2683BE00006E39B0 /* Products */ = {
			isa = PBXGroup;
			children = (
				2E7251A92683BE00006E39B0 /* ScoopMovies.app */,
			);
			name = Products;
			sourceTree = "<group>";
		};
		2E7251AB2683BE00006E39B0 /* ScoopMovies */ = {
			isa = PBXGroup;
			children = (
				2E7251D92683C127006E39B0 /* SubViews */,
				2E7251D82683C114006E39B0 /* Views */,
				2E7251CA2683C0B4006E39B0 /* Model */,
				2E7251C92683C05C006E39B0 /* Networking */,
				2E7251AC2683BE00006E39B0 /* ScoopMoviesApp.swift */,
				2E7251B02683BE04006E39B0 /* Assets.xcassets */,
				2E7251B52683BE04006E39B0 /* Info.plist */,
				2E26BF7F26844D7800F85532 /* NavigationBarModifier.swift */,
				2E7251B22683BE04006E39B0 /* Preview Content */,
			);
			path = ScoopMovies;
			sourceTree = "<group>";
		};
		2E7251B22683BE04006E39B0 /* Preview Content */ = {
			isa = PBXGroup;
			children = (
				2E7251B32683BE04006E39B0 /* Preview Assets.xcassets */,
			);
			path = "Preview Content";
			sourceTree = "<group>";
		};
		2E7251C92683C05C006E39B0 /* Networking */ = {
			isa = PBXGroup;
			children = (
				2E7251C62683C057006E39B0 /* APIManager.swift */,
				2E26BF8A2684850F00F85532 /* APIShowManager.swift */,
			);
			path = Networking;
			sourceTree = "<group>";
		};
		2E7251CA2683C0B4006E39B0 /* Model */ = {
			isa = PBXGroup;
			children = (
				2E7251CB2683C0C0006E39B0 /* MovieRequest.swift */,
				2E7251CE2683C0C2006E39B0 /* MovieResponse.swift */,
				2E7251D52683C0E1006E39B0 /* VideoResponse.swift */,
			);
			path = Model;
			sourceTree = "<group>";
		};
		2E7251D82683C114006E39B0 /* Views */ = {
			isa = PBXGroup;
			children = (
				2E7251DA2683C147006E39B0 /* MoviesView.swift */,
				2E7251AE2683BE00006E39B0 /* ContentView.swift */,
				2E26BF8426846CE100F85532 /* ShowDetailsView.swift */,
			);
			path = Views;
			sourceTree = "<group>";
		};
		2E7251D92683C127006E39B0 /* SubViews */ = {
			isa = PBXGroup;
			children = (
				2E7251DE2683C219006E39B0 /* MovieCellView.swift */,
				2E26BF87268472CF00F85532 /* ShowCellView.swift */,
			);
			path = SubViews;
			sourceTree = "<group>";
		};
/* End PBXGroup section */

/* Begin PBXNativeTarget section */
		2E7251A82683BE00006E39B0 /* ScoopMovies */ = {
			isa = PBXNativeTarget;
			buildConfigurationList = 2E7251B82683BE04006E39B0 /* Build configuration list for PBXNativeTarget "ScoopMovies" */;
			buildPhases = (
				2E7251A52683BE00006E39B0 /* Sources */,
				2E7251A62683BE00006E39B0 /* Frameworks */,
				2E7251A72683BE00006E39B0 /* Resources */,
			);
			buildRules = (
			);
			dependencies = (
			);
			name = ScoopMovies;
			packageProductDependencies = (
				2E7251BD2683BEE1006E39B0 /* Kingfisher */,
			);
			productName = ScoopMovies;
			productReference = 2E7251A92683BE00006E39B0 /* ScoopMovies.app */;
			productType = "com.apple.product-type.application";
		};
/* End PBXNativeTarget section */

/* Begin PBXProject section */
		2E7251A12683BE00006E39B0 /* Project object */ = {
			isa = PBXProject;
			attributes = {
				LastSwiftUpdateCheck = 1230;
				LastUpgradeCheck = 1230;
				TargetAttributes = {
					2E7251A82683BE00006E39B0 = {
						CreatedOnToolsVersion = 12.3;
					};
				};
			};
			buildConfigurationList = 2E7251A42683BE00006E39B0 /* Build configuration list for PBXProject "ScoopMovies" */;
			compatibilityVersion = "Xcode 9.3";
			developmentRegion = en;
			hasScannedForEncodings = 0;
			knownRegions = (
				en,
				Base,
			);
			mainGroup = 2E7251A02683BE00006E39B0;
			packageReferences = (
				2E7251BC2683BEE1006E39B0 /* XCRemoteSwiftPackageReference "Kingfisher" */,
			);
			productRefGroup = 2E7251AA2683BE00006E39B0 /* Products */;
			projectDirPath = "";
			projectRoot = "";
			targets = (
				2E7251A82683BE00006E39B0 /* ScoopMovies */,
			);
		};
/* End PBXProject section */

/* Begin PBXResourcesBuildPhase section */
		2E7251A72683BE00006E39B0 /* Resources */ = {
			isa = PBXResourcesBuildPhase;
			buildActionMask = 2147483647;
			files = (
				2E7251B42683BE04006E39B0 /* Preview Assets.xcassets in Resources */,
				2E7251B12683BE04006E39B0 /* Assets.xcassets in Resources */,
			);
			runOnlyForDeploymentPostprocessing = 0;
		};
/* End PBXResourcesBuildPhase section */

/* Begin PBXSourcesBuildPhase section */
		2E7251A52683BE00006E39B0 /* Sources */ = {
			isa = PBXSourcesBuildPhase;
			buildActionMask = 2147483647;
			files = (
				2E26BF8026844D7800F85532 /* NavigationBarModifier.swift in Sources */,
				2E7251CC2683C0C0006E39B0 /* MovieRequest.swift in Sources */,
				2E7251C72683C057006E39B0 /* APIManager.swift in Sources */,
				2E7251AF2683BE00006E39B0 /* ContentView.swift in Sources */,
				2E7251D62683C0E1006E39B0 /* VideoResponse.swift in Sources */,
				2E26BF8B2684850F00F85532 /* APIShowManager.swift in Sources */,
				2E7251DF2683C219006E39B0 /* MovieCellView.swift in Sources */,
				2E7251CF2683C0C2006E39B0 /* MovieResponse.swift in Sources */,
				2E26BF8526846CE100F85532 /* ShowDetailsView.swift in Sources */,
				2E7251AD2683BE00006E39B0 /* ScoopMoviesApp.swift in Sources */,
				2E26BF88268472CF00F85532 /* ShowCellView.swift in Sources */,
				2E7251DB2683C147006E39B0 /* MoviesView.swift in Sources */,
			);
			runOnlyForDeploymentPostprocessing = 0;
		};
/* End PBXSourcesBuildPhase section */

/* Begin XCBuildConfiguration section */
		2E7251B62683BE04006E39B0 /* Debug */ = {
			isa = XCBuildConfiguration;
			buildSettings = {
				ALWAYS_SEARCH_USER_PATHS = NO;
				CLANG_ANALYZER_NONNULL = YES;
				CLANG_ANALYZER_NUMBER_OBJECT_CONVERSION = YES_AGGRESSIVE;
				CLANG_CXX_LANGUAGE_STANDARD = "gnu++14";
				CLANG_CXX_LIBRARY = "libc++";
				CLANG_ENABLE_MODULES = YES;
				CLANG_ENABLE_OBJC_ARC = YES;
				CLANG_ENABLE_OBJC_WEAK = YES;
				CLANG_WARN_BLOCK_CAPTURE_AUTORELEASING = YES;
				CLANG_WARN_BOOL_CONVERSION = YES;
				CLANG_WARN_COMMA = YES;
				CLANG_WARN_CONSTANT_CONVERSION = YES;
				CLANG_WARN_DEPRECATED_OBJC_IMPLEMENTATIONS = YES;
				CLANG_WARN_DIRECT_OBJC_ISA_USAGE = YES_ERROR;
				CLANG_WARN_DOCUMENTATION_COMMENTS = YES;
				CLANG_WARN_EMPTY_BODY = YES;
				CLANG_WARN_ENUM_CONVERSION = YES;
				CLANG_WARN_INFINITE_RECURSION = YES;
				CLANG_WARN_INT_CONVERSION = YES;
				CLANG_WARN_NON_LITERAL_NULL_CONVERSION = YES;
				CLANG_WARN_OBJC_IMPLICIT_RETAIN_SELF = YES;
				CLANG_WARN_OBJC_LITERAL_CONVERSION = YES;
				CLANG_WARN_OBJC_ROOT_CLASS = YES_ERROR;
				CLANG_WARN_QUOTED_INCLUDE_IN_FRAMEWORK_HEADER = YES;
				CLANG_WARN_RANGE_LOOP_ANALYSIS = YES;
				CLANG_WARN_STRICT_PROTOTYPES = YES;
				CLANG_WARN_SUSPICIOUS_MOVE = YES;
				CLANG_WARN_UNGUARDED_AVAILABILITY = YES_AGGRESSIVE;
				CLANG_WARN_UNREACHABLE_CODE = YES;
				CLANG_WARN__DUPLICATE_METHOD_MATCH = YES;
				COPY_PHASE_STRIP = NO;
				DEBUG_INFORMATION_FORMAT = dwarf;
				ENABLE_STRICT_OBJC_MSGSEND = YES;
				ENABLE_TESTABILITY = YES;
				GCC_C_LANGUAGE_STANDARD = gnu11;
				GCC_DYNAMIC_NO_PIC = NO;
				GCC_NO_COMMON_BLOCKS = YES;
				GCC_OPTIMIZATION_LEVEL = 0;
				GCC_PREPROCESSOR_DEFINITIONS = (
					"DEBUG=1",
					"$(inherited)",
				);
				GCC_WARN_64_TO_32_BIT_CONVERSION = YES;
				GCC_WARN_ABOUT_RETURN_TYPE = YES_ERROR;
				GCC_WARN_UNDECLARED_SELECTOR = YES;
				GCC_WARN_UNINITIALIZED_AUTOS = YES_AGGRESSIVE;
				GCC_WARN_UNUSED_FUNCTION = YES;
				GCC_WARN_UNUSED_VARIABLE = YES;
				IPHONEOS_DEPLOYMENT_TARGET = 14.3;
				MTL_ENABLE_DEBUG_INFO = INCLUDE_SOURCE;
				MTL_FAST_MATH = YES;
				ONLY_ACTIVE_ARCH = YES;
				SDKROOT = iphoneos;
				SWIFT_ACTIVE_COMPILATION_CONDITIONS = DEBUG;
				SWIFT_OPTIMIZATION_LEVEL = "-Onone";
			};
			name = Debug;
		};
		2E7251B72683BE04006E39B0 /* Release */ = {
			isa = XCBuildConfiguration;
			buildSettings = {
				ALWAYS_SEARCH_USER_PATHS = NO;
				CLANG_ANALYZER_NONNULL = YES;
				CLANG_ANALYZER_NUMBER_OBJECT_CONVERSION = YES_AGGRESSIVE;
				CLANG_CXX_LANGUAGE_STANDARD = "gnu++14";
				CLANG_CXX_LIBRARY = "libc++";
				CLANG_ENABLE_MODULES = YES;
				CLANG_ENABLE_OBJC_ARC = YES;
				CLANG_ENABLE_OBJC_WEAK = YES;
				CLANG_WARN_BLOCK_CAPTURE_AUTORELEASING = YES;
				CLANG_WARN_BOOL_CONVERSION = YES;
				CLANG_WARN_COMMA = YES;
				CLANG_WARN_CONSTANT_CONVERSION = YES;
				CLANG_WARN_DEPRECATED_OBJC_IMPLEMENTATIONS = YES;
				CLANG_WARN_DIRECT_OBJC_ISA_USAGE = YES_ERROR;
				CLANG_WARN_DOCUMENTATION_COMMENTS = YES;
				CLANG_WARN_EMPTY_BODY = YES;
				CLANG_WARN_ENUM_CONVERSION = YES;
				CLANG_WARN_INFINITE_RECURSION = YES;
				CLANG_WARN_INT_CONVERSION = YES;
				CLANG_WARN_NON_LITERAL_NULL_CONVERSION = YES;
				CLANG_WARN_OBJC_IMPLICIT_RETAIN_SELF = YES;
				CLANG_WARN_OBJC_LITERAL_CONVERSION = YES;
				CLANG_WARN_OBJC_ROOT_CLASS = YES_ERROR;
				CLANG_WARN_QUOTED_INCLUDE_IN_FRAMEWORK_HEADER = YES;
				CLANG_WARN_RANGE_LOOP_ANALYSIS = YES;
				CLANG_WARN_STRICT_PROTOTYPES = YES;
				CLANG_WARN_SUSPICIOUS_MOVE = YES;
				CLANG_WARN_UNGUARDED_AVAILABILITY = YES_AGGRESSIVE;
				CLANG_WARN_UNREACHABLE_CODE = YES;
				CLANG_WARN__DUPLICATE_METHOD_MATCH = YES;
				COPY_PHASE_STRIP = NO;
				DEBUG_INFORMATION_FORMAT = "dwarf-with-dsym";
				ENABLE_NS_ASSERTIONS = NO;
				ENABLE_STRICT_OBJC_MSGSEND = YES;
				GCC_C_LANGUAGE_STANDARD = gnu11;
				GCC_NO_COMMON_BLOCKS = YES;
				GCC_WARN_64_TO_32_BIT_CONVERSION = YES;
				GCC_WARN_ABOUT_RETURN_TYPE = YES_ERROR;
				GCC_WARN_UNDECLARED_SELECTOR = YES;
				GCC_WARN_UNINITIALIZED_AUTOS = YES_AGGRESSIVE;
				GCC_WARN_UNUSED_FUNCTION = YES;
				GCC_WARN_UNUSED_VARIABLE = YES;
				IPHONEOS_DEPLOYMENT_TARGET = 14.3;
				MTL_ENABLE_DEBUG_INFO = NO;
				MTL_FAST_MATH = YES;
				SDKROOT = iphoneos;
				SWIFT_COMPILATION_MODE = wholemodule;
				SWIFT_OPTIMIZATION_LEVEL = "-O";
				VALIDATE_PRODUCT = YES;
			};
			name = Release;
		};
		2E7251B92683BE04006E39B0 /* Debug */ = {
			isa = XCBuildConfiguration;
			buildSettings = {
				ASSETCATALOG_COMPILER_APPICON_NAME = AppIcon;
				ASSETCATALOG_COMPILER_GLOBAL_ACCENT_COLOR_NAME = AccentColor;
				CODE_SIGN_STYLE = Automatic;
				DEVELOPMENT_ASSET_PATHS = "\"ScoopMovies/Preview Content\"";
				DEVELOPMENT_TEAM = ZT7SZU32GJ;
				ENABLE_PREVIEWS = YES;
				INFOPLIST_FILE = ScoopMovies/Info.plist;
				IPHONEOS_DEPLOYMENT_TARGET = 14.0;
				LD_RUNPATH_SEARCH_PATHS = (
					"$(inherited)",
					"@executable_path/Frameworks",
				);
				PRODUCT_BUNDLE_IDENTIFIER = com.aakashsinha.ScoopMovies;
				PRODUCT_NAME = "$(TARGET_NAME)";
				SWIFT_VERSION = 5.0;
				TARGETED_DEVICE_FAMILY = "1,2";
			};
			name = Debug;
		};
		2E7251BA2683BE04006E39B0 /* Release */ = {
			isa = XCBuildConfiguration;
			buildSettings = {
				ASSETCATALOG_COMPILER_APPICON_NAME = AppIcon;
				ASSETCATALOG_COMPILER_GLOBAL_ACCENT_COLOR_NAME = AccentColor;
				CODE_SIGN_STYLE = Automatic;
				DEVELOPMENT_ASSET_PATHS = "\"ScoopMovies/Preview Content\"";
				DEVELOPMENT_TEAM = ZT7SZU32GJ;
				ENABLE_PREVIEWS = YES;
				INFOPLIST_FILE = ScoopMovies/Info.plist;
				IPHONEOS_DEPLOYMENT_TARGET = 14.0;
				LD_RUNPATH_SEARCH_PATHS = (
					"$(inherited)",
					"@executable_path/Frameworks",
				);
				PRODUCT_BUNDLE_IDENTIFIER = com.aakashsinha.ScoopMovies;
				PRODUCT_NAME = "$(TARGET_NAME)";
				SWIFT_VERSION = 5.0;
				TARGETED_DEVICE_FAMILY = "1,2";
			};
			name = Release;
		};
/* End XCBuildConfiguration section */

/* Begin XCConfigurationList section */
		2E7251A42683BE00006E39B0 /* Build configuration list for PBXProject "ScoopMovies" */ = {
			isa = XCConfigurationList;
			buildConfigurations = (
				2E7251B62683BE04006E39B0 /* Debug */,
				2E7251B72683BE04006E39B0 /* Release */,
			);
			defaultConfigurationIsVisible = 0;
			defaultConfigurationName = Release;
		};
		2E7251B82683BE04006E39B0 /* Build configuration list for PBXNativeTarget "ScoopMovies" */ = {
			isa = XCConfigurationList;
			buildConfigurations = (
				2E7251B92683BE04006E39B0 /* Debug */,
				2E7251BA2683BE04006E39B0 /* Release */,
			);
			defaultConfigurationIsVisible = 0;
			defaultConfigurationName = Release;
		};
/* End XCConfigurationList section */

/* Begin XCRemoteSwiftPackageReference section */
		2E7251BC2683BEE1006E39B0 /* XCRemoteSwiftPackageReference "Kingfisher" */ = {
			isa = XCRemoteSwiftPackageReference;
			repositoryURL = "https://github.com/onevcat/Kingfisher.git";
			requirement = {
				kind = upToNextMajorVersion;
				minimumVersion = 6.3.0;
			};
		};
/* End XCRemoteSwiftPackageReference section */

/* Begin XCSwiftPackageProductDependency section */
		2E7251BD2683BEE1006E39B0 /* Kingfisher */ = {
			isa = XCSwiftPackageProductDependency;
			package = 2E7251BC2683BEE1006E39B0 /* XCRemoteSwiftPackageReference "Kingfisher" */;
			productName = Kingfisher;
		};
/* End XCSwiftPackageProductDependency section */
	};
	rootObject = 2E7251A12683BE00006E39B0 /* Project object */;
}
